
Microsoft Visual Studio Solution File, Format Version 12.00
# Visual Studio Version 17
VisualStudioVersion = 17.5.002.0
MinimumVisualStudioVersion = 10.0.40219.1
Project("{9A19103F-16F7-4668-BE54-9A1E7A4F7556}") = "FilledOrderMonitor", "FilledOrderMonitor.csproj", "{755D22EE-D159-4C25-A748-62CDB3641C44}"
EndProject
Global
	GlobalSection(SolutionConfigurationPlatforms) = preSolution
		Debug|Any CPU = Debug|Any CPU
		Release|Any CPU = Release|Any CPU
	EndGlobalSection
	GlobalSection(ProjectConfigurationPlatforms) = postSolution
		{755D22EE-D159-4C25-A748-62CDB3641C44}.Debug|Any CPU.ActiveCfg = Debug|Any CPU
		{755D22EE-D159-4C25-A748-62CDB3641C44}.Debug|Any CPU.Build.0 = Debug|Any CPU
		{755D22EE-D159-4C25-A748-62CDB3641C44}.Release|Any CPU.ActiveCfg = Release|Any CPU
		{755D22EE-D159-4C25-A748-62CDB3641C44}.Release|Any CPU.Build.0 = Release|Any CPU
	EndGlobalSection
	GlobalSection(SolutionProperties) = preSolution
		HideSolutionNode = FALSE
	EndGlobalSection
	GlobalSection(ExtensibilityGlobals) = postSolution
		SolutionGuid = {CB5F2A1E-DEF9-4FBB-A7B5-EAD1DD7D7494}
	EndGlobalSection
EndGlobal
